
Microsoft Visual Studio Solution File, Format Version 12.00
# Visual Studio 15
VisualStudioVersion = 15.0.28307.102
MinimumVisualStudioVersion = 10.0.40219.1
Project("{9A19103F-16F7-4668-BE54-9A1E7A4F7556}") = "Svn", "Svn\Svn.csproj", "{16026D4B-7905-4479-ADB4-5D2062DB6123}"
EndProject
Project("{9A19103F-16F7-4668-BE54-9A1E7A4F7556}") = "Svn.Tests", "Svn.Tests\Svn.Tests.csproj", "{7E2B6654-7486-4043-9E28-898012DD3607}"
EndProject
Global
	GlobalSection(SolutionConfigurationPlatforms) = preSolution
		Debug|Any CPU = Debug|Any CPU
		Release|Any CPU = Release|Any CPU
	EndGlobalSection
	GlobalSection(ProjectConfigurationPlatforms) = postSolution
		{16026D4B-7905-4479-ADB4-5D2062DB6123}.Debug|Any CPU.ActiveCfg = Debug|Any CPU
		{16026D4B-7905-4479-ADB4-5D2062DB6123}.Debug|Any CPU.Build.0 = Debug|Any CPU
		{16026D4B-7905-4479-ADB4-5D2062DB6123}.Release|Any CPU.ActiveCfg = Release|Any CPU
		{16026D4B-7905-4479-ADB4-5D2062DB6123}.Release|Any CPU.Build.0 = Release|Any CPU
		{7E2B6654-7486-4043-9E28-898012DD3607}.Debug|Any CPU.ActiveCfg = Debug|Any CPU
		{7E2B6654-7486-4043-9E28-898012DD3607}.Debug|Any CPU.Build.0 = Debug|Any CPU
		{7E2B6654-7486-4043-9E28-898012DD3607}.Release|Any CPU.ActiveCfg = Release|Any CPU
		{7E2B6654-7486-4043-9E28-898012DD3607}.Release|Any CPU.Build.0 = Release|Any CPU
	EndGlobalSection
	GlobalSection(SolutionProperties) = preSolution
		HideSolutionNode = FALSE
	EndGlobalSection
	GlobalSection(ExtensibilityGlobals) = postSolution
		SolutionGuid = {6E756668-9B14-4052-ACA6-4BA79BA3E911}
	EndGlobalSection
EndGlobal
